
Microsoft Visual Studio Solution File, Format Version 12.00
# Visual Studio Version 17
VisualStudioVersion = 17.6.33712.159
MinimumVisualStudioVersion = 10.0.40219.1
Project("{FAE04EC0-301F-11D3-BF4B-00C04F79EFBC}") = "HomeWork_10", "HomeWork_10\HomeWork_10.csproj", "{ECFFE074-0F77-4A4B-AC71-E0AE7EE6BD9D}"
EndProject
Global
	GlobalSection(SolutionConfigurationPlatforms) = preSolution
		Debug|Any CPU = Debug|Any CPU
		Release|Any CPU = Release|Any CPU
	EndGlobalSection
	GlobalSection(ProjectConfigurationPlatforms) = postSolution
		{ECFFE074-0F77-4A4B-AC71-E0AE7EE6BD9D}.Debug|Any CPU.ActiveCfg = Debug|Any CPU
		{ECFFE074-0F77-4A4B-AC71-E0AE7EE6BD9D}.Debug|Any CPU.Build.0 = Debug|Any CPU
		{ECFFE074-0F77-4A4B-AC71-E0AE7EE6BD9D}.Release|Any CPU.ActiveCfg = Release|Any CPU
		{ECFFE074-0F77-4A4B-AC71-E0AE7EE6BD9D}.Release|Any CPU.Build.0 = Release|Any CPU
	EndGlobalSection
	GlobalSection(SolutionProperties) = preSolution
		HideSolutionNode = FALSE
	EndGlobalSection
	GlobalSection(ExtensibilityGlobals) = postSolution
		SolutionGuid = {C6BF18BF-D742-4F29-B5B0-2ED71CB6CD11}
	EndGlobalSection
EndGlobal
